
Microsoft Visual Studio Solution File, Format Version 12.00
# Visual Studio Version 16
VisualStudioVersion = 25.0.1700.0
MinimumVisualStudioVersion = 10.0.40219.1
Project("{FAE04EC0-301F-11D3-BF4B-00C04F79EFBC}") = "RazorPizza", "RazorPizza.csproj", "{18340E74-6F2D-48B5-9699-DD1B87F34A01}"
EndProject
Global
	GlobalSection(SolutionConfigurationPlatforms) = preSolution
		Debug|Any CPU = Debug|Any CPU
		Release|Any CPU = Release|Any CPU
	EndGlobalSection
	GlobalSection(ProjectConfigurationPlatforms) = postSolution
		{18340E74-6F2D-48B5-9699-DD1B87F34A01}.Debug|Any CPU.ActiveCfg = Debug|Any CPU
		{18340E74-6F2D-48B5-9699-DD1B87F34A01}.Debug|Any CPU.Build.0 = Debug|Any CPU
		{18340E74-6F2D-48B5-9699-DD1B87F34A01}.Release|Any CPU.ActiveCfg = Release|Any CPU
		{18340E74-6F2D-48B5-9699-DD1B87F34A01}.Release|Any CPU.Build.0 = Release|Any CPU
	EndGlobalSection
	GlobalSection(SolutionProperties) = preSolution
		HideSolutionNode = FALSE
	EndGlobalSection
	GlobalSection(ExtensibilityGlobals) = postSolution
		SolutionGuid = {C5ED7209-BDC4-4C79-B482-44BE99949367}
	EndGlobalSection
EndGlobal
